{
    "_readme": [
        "This file locks the dependencies of your project to a known state",
        "Read more about it at http://getcomposer.org/doc/01-basic-usage.md#composer-lock-the-lock-file"
    ],
    "hash": "245e99982fe0514bd9d011a575c59135",
    "packages": [
        {
            "name": "nickvergessen/phpbb-tool-trimmessage",
            "version": "1.3.0",
            "source": {
                "type": "git",
                "url": "https://github.com/nickvergessen/phpbb-tool-trimmessage.git",
                "reference": "2a3d8273dc1238dd06454688bcb6496f62f66c3b"
            },
            "dist": {
                "type": "zip",
                "url": "https://api.github.com/repos/nickvergessen/phpbb-tool-trimmessage/zipball/2a3d8273dc1238dd06454688bcb6496f62f66c3b",
                "reference": "2a3d8273dc1238dd06454688bcb6496f62f66c3b",
                "shasum": ""
            },
            "require": {
                "php": ">=5.3.3"
            },
            "require-dev": {
                "phpunit/phpunit": "4.1.*"
            },
            "type": "library",
            "autoload": {
                "classmap": [
                    "src/"
                ]
            },
            "notification-url": "https://packagist.org/downloads/",
            "license": [
                "GPL-2.0"
            ],
            "authors": [
                {
                    "name": "Joas Schilling",
                    "email": "nickvergessen@gmx.de",
                    "homepage": "https://github.com/nickvergessen",
                    "role": "Developer"
                }
            ],
            "description": "This tool contains a class, that is able to trim a message from the phpbb message_parser to a maximum length without breaking the bbcodes/smilies and links.",
            "homepage": "https://github.com/nickvergessen/phpbb-tool-trimmessage",
            "time": "2014-07-06 19:42:34"
        }
    ],
    "packages-dev": [

    ],
    "aliases": [

    ],
    "minimum-stability": "stable",
    "stability-flags": [

    ],
    "platform": {
        "php": ">=5.3.3"
    },
    "platform-dev": [

    ]
}
