{
    "_readme": [
        "This file locks the dependencies of your project to a known state",
        "Read more about it at http://getcomposer.org/doc/01-basic-usage.md#composer-lock-the-lock-file"
    ],
    "hash": "d85c2ee54be14d8440933535ef59e807",
    "packages": [
        {
            "name": "nickvergessen/phpbb-tool-trimmessage",
            "version": "1.3.0",
            "source": {
                "type": "git",
                "url": "https://github.com/nickvergessen/phpbb-tool-trimmessage.git",
                "reference": "2a3d8273dc1238dd06454688bcb6496f62f66c3b"
            },
            "dist": {
                "type": "zip",
                "url": "https://api.github.com/repos/nickvergessen/phpbb-tool-trimmessage/zipball/2a3d8273dc1238dd06454688bcb6496f62f66c3b",
                "reference": "2a3d8273dc1238dd06454688bcb6496f62f66c3b",
                "shasum": ""
            },
            "require": {
                "php": ">=5.3.3"
            },
            "require-dev": {
                "phpunit/phpunit": "4.1.*"
            },
            "type": "library",
            "autoload": {
                "classmap": [
                    "src/"
                ]
            },
            "notification-url": "https://packagist.org/downloads/",
            "license": [
                "GPL-2.0"
            ],
            "authors": [
                {
                    "name": "Joas Schilling",
                    "email": "nickvergessen@gmx.de",
                    "homepage": "https://github.com/nickvergessen",
                    "role": "Developer"
                }
            ],
            "description": "This tool contains a class, that is able to trim a message from the phpbb message_parser to a maximum length without breaking the bbcodes/smilies and links.",
            "homepage": "https://github.com/nickvergessen/phpbb-tool-trimmessage",
            "time": "2014-07-06 19:42:34"
        }
    ],
    "packages-dev": [
        {
            "name": "phing/phing",
            "version": "2.4.14",
            "source": {
                "type": "git",
                "url": "https://github.com/phingofficial/phing.git",
                "reference": "41075d93ca254f1c90c79ec7ce81be2b2629e138"
            },
            "dist": {
                "type": "zip",
                "url": "https://api.github.com/repos/phingofficial/phing/zipball/41075d93ca254f1c90c79ec7ce81be2b2629e138",
                "reference": "41075d93ca254f1c90c79ec7ce81be2b2629e138",
                "shasum": ""
            },
            "require": {
                "php": ">=5.2.0"
            },
            "bin": [
                "bin/phing"
            ],
            "type": "library",
            "autoload": {
                "classmap": [
                    "classes/phing/"
                ]
            },
            "notification-url": "https://packagist.org/downloads/",
            "include-path": [
                "classes"
            ],
            "license": [
                "LGPL3"
            ],
            "authors": [
                {
                    "name": "Michiel Rook",
                    "email": "mrook@php.net",
                    "role": "Lead"
                },
                {
                    "name": "Phing Community",
                    "homepage": "http://www.phing.info/trac/wiki/Development/Contributors"
                }
            ],
            "description": "PHing Is Not GNU make; it's a PHP project build system or build tool based on Apache Ant.",
            "homepage": "http://www.phing.info/",
            "keywords": [
                "build",
                "task",
                "tool"
            ],
            "time": "2012-11-29 21:23:47"
        }
    ],
    "aliases": [],
    "minimum-stability": "stable",
    "stability-flags": [],
    "platform": {
        "php": ">=5.3.3"
    },
    "platform-dev": []
}
